github.com/eatmoreapple/openwechat v1.4.6 h1:m/Run2wN9zptKnoS8R3edLNWLlZOOgk13Bq8Y61zSTU=
github.com/eatmoreapple/openwechat v1.4.6/go.mod h1:h4m2N8m0XsUKlm7UR8BUGkV89GNuKHCnlGV3J8n9Mpw=
github.com/mozillazg/go-pinyin v0.20.0 h1:BtR3DsxpApHfKReaPO1fCqF4pThRwH9uwvXzm+GnMFQ=
github.com/mozillazg/go-pinyin v0.20.0/go.mod h1:iR4EnMMRXkfpFVV5FMi4FNB6wGq9NV6uDWbUuPhP4Yc=
